
Microsoft Visual Studio Solution File, Format Version 12.00
# Visual Studio Version 16
VisualStudioVersion = 16.0.29123.88
MinimumVisualStudioVersion = 10.0.40219.1
Project("{FAE04EC0-301F-11D3-BF4B-00C04F79EFBC}") = "fingerprint_attendance", "fingerprint_attendance\fingerprint_attendance.csproj", "{27D1FCA2-B961-45FB-9BA0-BE782C01E277}"
EndProject
Global
	GlobalSection(SolutionConfigurationPlatforms) = preSolution
		Debug|Any CPU = Debug|Any CPU
		Release|Any CPU = Release|Any CPU
	EndGlobalSection
	GlobalSection(ProjectConfigurationPlatforms) = postSolution
		{27D1FCA2-B961-45FB-9BA0-BE782C01E277}.Debug|Any CPU.ActiveCfg = Debug|Any CPU
		{27D1FCA2-B961-45FB-9BA0-BE782C01E277}.Debug|Any CPU.Build.0 = Debug|Any CPU
		{27D1FCA2-B961-45FB-9BA0-BE782C01E277}.Release|Any CPU.ActiveCfg = Release|Any CPU
		{27D1FCA2-B961-45FB-9BA0-BE782C01E277}.Release|Any CPU.Build.0 = Release|Any CPU
	EndGlobalSection
	GlobalSection(SolutionProperties) = preSolution
		HideSolutionNode = FALSE
	EndGlobalSection
	GlobalSection(ExtensibilityGlobals) = postSolution
		SolutionGuid = {D5DD1A29-A147-48F5-BE22-60C43AE4147A}
	EndGlobalSection
EndGlobal
